
Microsoft Visual Studio Solution File, Format Version 12.00
# Visual Studio Version 16
VisualStudioVersion = 16.0.31321.278
MinimumVisualStudioVersion = 10.0.40219.1
Project("{00D1A9C2-B5F0-4AF3-8072-F6C62B433612}") = "BxlForm.GestContacts.Database", "BxlForm.GestContacts.Database\BxlForm.GestContacts.Database.sqlproj", "{D5A4E72D-3ED2-446D-B7E8-8BC35E3E9524}"
EndProject
Project("{2150E333-8FDC-42A3-9474-1A3956D46DE8}") = "01 Database", "01 Database", "{72ABD38B-E0B5-4B9B-8464-6E6981C3BC73}"
EndProject
Project("{2150E333-8FDC-42A3-9474-1A3956D46DE8}") = "02 Models", "02 Models", "{E4FA4B70-E86C-4BF0-92E8-EB3EFFCCFC7C}"
EndProject
Project("{9A19103F-16F7-4668-BE54-9A1E7A4F7556}") = "BxlForm.GestContacts.Models.Global", "BxlForm.GestContacts.Models.Global\BxlForm.GestContacts.Models.Global.csproj", "{13E559A6-ED3E-473E-BBF4-FE66C1066102}"
EndProject
Project("{2150E333-8FDC-42A3-9474-1A3956D46DE8}") = "09 Tools", "09 Tools", "{0DB7F9D1-0FE7-474D-9033-951D8339D658}"
EndProject
Project("{FAE04EC0-301F-11D3-BF4B-00C04F79EFBC}") = "BxlForm.Tools", "BxlForm.Tools\BxlForm.Tools.csproj", "{FEB03741-E3AC-44F0-B1C5-1AD032FB882B}"
EndProject
Global
	GlobalSection(SolutionConfigurationPlatforms) = preSolution
		Debug|Any CPU = Debug|Any CPU
		Release|Any CPU = Release|Any CPU
	EndGlobalSection
	GlobalSection(ProjectConfigurationPlatforms) = postSolution
		{D5A4E72D-3ED2-446D-B7E8-8BC35E3E9524}.Debug|Any CPU.ActiveCfg = Debug|Any CPU
		{D5A4E72D-3ED2-446D-B7E8-8BC35E3E9524}.Debug|Any CPU.Build.0 = Debug|Any CPU
		{D5A4E72D-3ED2-446D-B7E8-8BC35E3E9524}.Debug|Any CPU.Deploy.0 = Debug|Any CPU
		{D5A4E72D-3ED2-446D-B7E8-8BC35E3E9524}.Release|Any CPU.ActiveCfg = Release|Any CPU
		{D5A4E72D-3ED2-446D-B7E8-8BC35E3E9524}.Release|Any CPU.Build.0 = Release|Any CPU
		{D5A4E72D-3ED2-446D-B7E8-8BC35E3E9524}.Release|Any CPU.Deploy.0 = Release|Any CPU
		{13E559A6-ED3E-473E-BBF4-FE66C1066102}.Debug|Any CPU.ActiveCfg = Debug|Any CPU
		{13E559A6-ED3E-473E-BBF4-FE66C1066102}.Debug|Any CPU.Build.0 = Debug|Any CPU
		{13E559A6-ED3E-473E-BBF4-FE66C1066102}.Release|Any CPU.ActiveCfg = Release|Any CPU
		{13E559A6-ED3E-473E-BBF4-FE66C1066102}.Release|Any CPU.Build.0 = Release|Any CPU
		{FEB03741-E3AC-44F0-B1C5-1AD032FB882B}.Debug|Any CPU.ActiveCfg = Debug|Any CPU
		{FEB03741-E3AC-44F0-B1C5-1AD032FB882B}.Debug|Any CPU.Build.0 = Debug|Any CPU
		{FEB03741-E3AC-44F0-B1C5-1AD032FB882B}.Release|Any CPU.ActiveCfg = Release|Any CPU
		{FEB03741-E3AC-44F0-B1C5-1AD032FB882B}.Release|Any CPU.Build.0 = Release|Any CPU
	EndGlobalSection
	GlobalSection(SolutionProperties) = preSolution
		HideSolutionNode = FALSE
	EndGlobalSection
	GlobalSection(NestedProjects) = preSolution
		{D5A4E72D-3ED2-446D-B7E8-8BC35E3E9524} = {72ABD38B-E0B5-4B9B-8464-6E6981C3BC73}
		{13E559A6-ED3E-473E-BBF4-FE66C1066102} = {E4FA4B70-E86C-4BF0-92E8-EB3EFFCCFC7C}
		{FEB03741-E3AC-44F0-B1C5-1AD032FB882B} = {0DB7F9D1-0FE7-474D-9033-951D8339D658}
	EndGlobalSection
	GlobalSection(ExtensibilityGlobals) = postSolution
		SolutionGuid = {A45CE45B-56F4-41D6-8308-02F0451FF567}
	EndGlobalSection
EndGlobal
